
Microsoft Visual Studio Solution File, Format Version 12.00
# Visual Studio Version 16
VisualStudioVersion = 16.0.30114.105
MinimumVisualStudioVersion = 10.0.40219.1
Project("{FAE04EC0-301F-11D3-BF4B-00C04F79EFBC}") = "src", "src\src.csproj", "{A0B943CD-221D-4D73-AC60-5391384FEF92}"
EndProject
Project("{FAE04EC0-301F-11D3-BF4B-00C04F79EFBC}") = "test", "test\test.csproj", "{AC2FCB4E-E13E-4202-A2F4-86241517D121}"
EndProject
Global
	GlobalSection(SolutionConfigurationPlatforms) = preSolution
		Debug|Any CPU = Debug|Any CPU
		Debug|x64 = Debug|x64
		Debug|x86 = Debug|x86
		Release|Any CPU = Release|Any CPU
		Release|x64 = Release|x64
		Release|x86 = Release|x86
	EndGlobalSection
	GlobalSection(SolutionProperties) = preSolution
		HideSolutionNode = FALSE
	EndGlobalSection
	GlobalSection(ProjectConfigurationPlatforms) = postSolution
		{A0B943CD-221D-4D73-AC60-5391384FEF92}.Debug|Any CPU.ActiveCfg = Debug|Any CPU
		{A0B943CD-221D-4D73-AC60-5391384FEF92}.Debug|Any CPU.Build.0 = Debug|Any CPU
		{A0B943CD-221D-4D73-AC60-5391384FEF92}.Debug|x64.ActiveCfg = Debug|Any CPU
		{A0B943CD-221D-4D73-AC60-5391384FEF92}.Debug|x64.Build.0 = Debug|Any CPU
		{A0B943CD-221D-4D73-AC60-5391384FEF92}.Debug|x86.ActiveCfg = Debug|Any CPU
		{A0B943CD-221D-4D73-AC60-5391384FEF92}.Debug|x86.Build.0 = Debug|Any CPU
		{A0B943CD-221D-4D73-AC60-5391384FEF92}.Release|Any CPU.ActiveCfg = Release|Any CPU
		{A0B943CD-221D-4D73-AC60-5391384FEF92}.Release|Any CPU.Build.0 = Release|Any CPU
		{A0B943CD-221D-4D73-AC60-5391384FEF92}.Release|x64.ActiveCfg = Release|Any CPU
		{A0B943CD-221D-4D73-AC60-5391384FEF92}.Release|x64.Build.0 = Release|Any CPU
		{A0B943CD-221D-4D73-AC60-5391384FEF92}.Release|x86.ActiveCfg = Release|Any CPU
		{A0B943CD-221D-4D73-AC60-5391384FEF92}.Release|x86.Build.0 = Release|Any CPU
		{AC2FCB4E-E13E-4202-A2F4-86241517D121}.Debug|Any CPU.ActiveCfg = Debug|Any CPU
		{AC2FCB4E-E13E-4202-A2F4-86241517D121}.Debug|Any CPU.Build.0 = Debug|Any CPU
		{AC2FCB4E-E13E-4202-A2F4-86241517D121}.Debug|x64.ActiveCfg = Debug|Any CPU
		{AC2FCB4E-E13E-4202-A2F4-86241517D121}.Debug|x64.Build.0 = Debug|Any CPU
		{AC2FCB4E-E13E-4202-A2F4-86241517D121}.Debug|x86.ActiveCfg = Debug|Any CPU
		{AC2FCB4E-E13E-4202-A2F4-86241517D121}.Debug|x86.Build.0 = Debug|Any CPU
		{AC2FCB4E-E13E-4202-A2F4-86241517D121}.Release|Any CPU.ActiveCfg = Release|Any CPU
		{AC2FCB4E-E13E-4202-A2F4-86241517D121}.Release|Any CPU.Build.0 = Release|Any CPU
		{AC2FCB4E-E13E-4202-A2F4-86241517D121}.Release|x64.ActiveCfg = Release|Any CPU
		{AC2FCB4E-E13E-4202-A2F4-86241517D121}.Release|x64.Build.0 = Release|Any CPU
		{AC2FCB4E-E13E-4202-A2F4-86241517D121}.Release|x86.ActiveCfg = Release|Any CPU
		{AC2FCB4E-E13E-4202-A2F4-86241517D121}.Release|x86.Build.0 = Release|Any CPU
	EndGlobalSection
EndGlobal
